
Microsoft Visual Studio Solution File, Format Version 12.00
# Visual Studio 15
VisualStudioVersion = 15.0.28307.572
MinimumVisualStudioVersion = 10.0.40219.1
Project("{FAE04EC0-301F-11D3-BF4B-00C04F79EFBC}") = "MineSweeper_JSJ", "MineSweeper_JSJ\MineSweeper_JSJ.csproj", "{128F1CBA-F79F-49EA-80B9-3B23458F91E1}"
EndProject
Global
	GlobalSection(SolutionConfigurationPlatforms) = preSolution
		Debug|Any CPU = Debug|Any CPU
		Release|Any CPU = Release|Any CPU
	EndGlobalSection
	GlobalSection(ProjectConfigurationPlatforms) = postSolution
		{128F1CBA-F79F-49EA-80B9-3B23458F91E1}.Debug|Any CPU.ActiveCfg = Debug|Any CPU
		{128F1CBA-F79F-49EA-80B9-3B23458F91E1}.Debug|Any CPU.Build.0 = Debug|Any CPU
		{128F1CBA-F79F-49EA-80B9-3B23458F91E1}.Release|Any CPU.ActiveCfg = Release|Any CPU
		{128F1CBA-F79F-49EA-80B9-3B23458F91E1}.Release|Any CPU.Build.0 = Release|Any CPU
	EndGlobalSection
	GlobalSection(SolutionProperties) = preSolution
		HideSolutionNode = FALSE
	EndGlobalSection
	GlobalSection(ExtensibilityGlobals) = postSolution
		SolutionGuid = {D86A6115-D67F-4881-B788-48C05FD38670}
	EndGlobalSection
EndGlobal
